
Microsoft Visual Studio Solution File, Format Version 12.00
# Visual Studio Version 16
VisualStudioVersion = 16.0.30907.101
MinimumVisualStudioVersion = 10.0.40219.1
Project("{FAE04EC0-301F-11D3-BF4B-00C04F79EFBC}") = "Toolbox", "Toolbox.csproj", "{353AC555-FC0D-4D2B-B2D5-DD7A743E55DB}"
EndProject
Global
	GlobalSection(SolutionConfigurationPlatforms) = preSolution
		Debug|Any CPU = Debug|Any CPU
		Release|Any CPU = Release|Any CPU
	EndGlobalSection
	GlobalSection(ProjectConfigurationPlatforms) = postSolution
		{353AC555-FC0D-4D2B-B2D5-DD7A743E55DB}.Debug|Any CPU.ActiveCfg = Debug|Any CPU
		{353AC555-FC0D-4D2B-B2D5-DD7A743E55DB}.Debug|Any CPU.Build.0 = Debug|Any CPU
		{353AC555-FC0D-4D2B-B2D5-DD7A743E55DB}.Release|Any CPU.ActiveCfg = Release|Any CPU
		{353AC555-FC0D-4D2B-B2D5-DD7A743E55DB}.Release|Any CPU.Build.0 = Release|Any CPU
	EndGlobalSection
	GlobalSection(SolutionProperties) = preSolution
		HideSolutionNode = FALSE
	EndGlobalSection
	GlobalSection(ExtensibilityGlobals) = postSolution
		SolutionGuid = {E4114769-43C1-4C68-8A53-96DC2EA113F9}
	EndGlobalSection
EndGlobal
